
Microsoft Visual Studio Solution File, Format Version 12.00
# Visual Studio Version 17
VisualStudioVersion = 17.0.32014.148
MinimumVisualStudioVersion = 10.0.40219.1
Project("{8BC9CEB8-8B4A-11D0-8D11-00A0C91BC942}") = "OS11_HTAPI", "OS11_HTAPI\OS11_HTAPI.vcxproj", "{DF54401C-59ED-46A6-8317-AEBCDCBC5555}"
EndProject
Project("{8BC9CEB8-8B4A-11D0-8D11-00A0C91BC942}") = "OS11_02", "OS11_02\OS11_02.vcxproj", "{FAE3E67B-CE0B-42F9-80DD-06A66E275527}"
EndProject
Project("{8BC9CEB8-8B4A-11D0-8D11-00A0C91BC942}") = "OS11_03", "OS11_03\OS11_03.vcxproj", "{DBFEC52A-B61B-4A4C-8A7D-AA1F18D4DD80}"
EndProject
Project("{8BC9CEB8-8B4A-11D0-8D11-00A0C91BC942}") = "OS11_04", "OS11_04\OS11_04.vcxproj", "{CF03E9E5-70C7-4749-8A9E-13BD662546F6}"
EndProject
Project("{8BC9CEB8-8B4A-11D0-8D11-00A0C91BC942}") = "OS11_CREATE", "OS11_CREATE\OS11_CREATE.vcxproj", "{A11D39D8-9397-4E1B-98E9-039498AC3EA1}"
EndProject
Project("{8BC9CEB8-8B4A-11D0-8D11-00A0C91BC942}") = "OS11_START", "OS11_START\OS11_START.vcxproj", "{7A6B5119-1694-4606-BA1E-B8BF20299604}"
EndProject
Project("{8BC9CEB8-8B4A-11D0-8D11-00A0C91BC942}") = "CREATE", "CREATE\CREATE.vcxproj", "{8BA99386-BA1C-4D01-B70D-56EC2AA482D1}"
EndProject
Project("{8BC9CEB8-8B4A-11D0-8D11-00A0C91BC942}") = "START", "START\START.vcxproj", "{251E6382-26B6-4A90-8902-35B87042D9F2}"
EndProject
Global
	GlobalSection(SolutionConfigurationPlatforms) = preSolution
		Debug|x64 = Debug|x64
		Debug|x86 = Debug|x86
		Release|x64 = Release|x64
		Release|x86 = Release|x86
	EndGlobalSection
	GlobalSection(ProjectConfigurationPlatforms) = postSolution
		{DF54401C-59ED-46A6-8317-AEBCDCBC5555}.Debug|x64.ActiveCfg = Debug|x64
		{DF54401C-59ED-46A6-8317-AEBCDCBC5555}.Debug|x64.Build.0 = Debug|x64
		{DF54401C-59ED-46A6-8317-AEBCDCBC5555}.Debug|x86.ActiveCfg = Debug|Win32
		{DF54401C-59ED-46A6-8317-AEBCDCBC5555}.Debug|x86.Build.0 = Debug|Win32
		{DF54401C-59ED-46A6-8317-AEBCDCBC5555}.Release|x64.ActiveCfg = Release|x64
		{DF54401C-59ED-46A6-8317-AEBCDCBC5555}.Release|x64.Build.0 = Release|x64
		{DF54401C-59ED-46A6-8317-AEBCDCBC5555}.Release|x86.ActiveCfg = Release|Win32
		{DF54401C-59ED-46A6-8317-AEBCDCBC5555}.Release|x86.Build.0 = Release|Win32
		{FAE3E67B-CE0B-42F9-80DD-06A66E275527}.Debug|x64.ActiveCfg = Debug|x64
		{FAE3E67B-CE0B-42F9-80DD-06A66E275527}.Debug|x64.Build.0 = Debug|x64
		{FAE3E67B-CE0B-42F9-80DD-06A66E275527}.Debug|x86.ActiveCfg = Debug|Win32
		{FAE3E67B-CE0B-42F9-80DD-06A66E275527}.Debug|x86.Build.0 = Debug|Win32
		{FAE3E67B-CE0B-42F9-80DD-06A66E275527}.Release|x64.ActiveCfg = Release|x64
		{FAE3E67B-CE0B-42F9-80DD-06A66E275527}.Release|x64.Build.0 = Release|x64
		{FAE3E67B-CE0B-42F9-80DD-06A66E275527}.Release|x86.ActiveCfg = Release|Win32
		{FAE3E67B-CE0B-42F9-80DD-06A66E275527}.Release|x86.Build.0 = Release|Win32
		{DBFEC52A-B61B-4A4C-8A7D-AA1F18D4DD80}.Debug|x64.ActiveCfg = Debug|x64
		{DBFEC52A-B61B-4A4C-8A7D-AA1F18D4DD80}.Debug|x64.Build.0 = Debug|x64
		{DBFEC52A-B61B-4A4C-8A7D-AA1F18D4DD80}.Debug|x86.ActiveCfg = Debug|Win32
		{DBFEC52A-B61B-4A4C-8A7D-AA1F18D4DD80}.Debug|x86.Build.0 = Debug|Win32
		{DBFEC52A-B61B-4A4C-8A7D-AA1F18D4DD80}.Release|x64.ActiveCfg = Release|x64
		{DBFEC52A-B61B-4A4C-8A7D-AA1F18D4DD80}.Release|x64.Build.0 = Release|x64
		{DBFEC52A-B61B-4A4C-8A7D-AA1F18D4DD80}.Release|x86.ActiveCfg = Release|Win32
		{DBFEC52A-B61B-4A4C-8A7D-AA1F18D4DD80}.Release|x86.Build.0 = Release|Win32
		{CF03E9E5-70C7-4749-8A9E-13BD662546F6}.Debug|x64.ActiveCfg = Debug|x64
		{CF03E9E5-70C7-4749-8A9E-13BD662546F6}.Debug|x64.Build.0 = Debug|x64
		{CF03E9E5-70C7-4749-8A9E-13BD662546F6}.Debug|x86.ActiveCfg = Debug|Win32
		{CF03E9E5-70C7-4749-8A9E-13BD662546F6}.Debug|x86.Build.0 = Debug|Win32
		{CF03E9E5-70C7-4749-8A9E-13BD662546F6}.Release|x64.ActiveCfg = Release|x64
		{CF03E9E5-70C7-4749-8A9E-13BD662546F6}.Release|x64.Build.0 = Release|x64
		{CF03E9E5-70C7-4749-8A9E-13BD662546F6}.Release|x86.ActiveCfg = Release|Win32
		{CF03E9E5-70C7-4749-8A9E-13BD662546F6}.Release|x86.Build.0 = Release|Win32
		{A11D39D8-9397-4E1B-98E9-039498AC3EA1}.Debug|x64.ActiveCfg = Debug|x64
		{A11D39D8-9397-4E1B-98E9-039498AC3EA1}.Debug|x64.Build.0 = Debug|x64
		{A11D39D8-9397-4E1B-98E9-039498AC3EA1}.Debug|x86.ActiveCfg = Debug|Win32
		{A11D39D8-9397-4E1B-98E9-039498AC3EA1}.Release|x64.ActiveCfg = Release|x64
		{A11D39D8-9397-4E1B-98E9-039498AC3EA1}.Release|x64.Build.0 = Release|x64
		{A11D39D8-9397-4E1B-98E9-039498AC3EA1}.Release|x86.ActiveCfg = Release|Win32
		{A11D39D8-9397-4E1B-98E9-039498AC3EA1}.Release|x86.Build.0 = Release|Win32
		{7A6B5119-1694-4606-BA1E-B8BF20299604}.Debug|x64.ActiveCfg = Debug|x64
		{7A6B5119-1694-4606-BA1E-B8BF20299604}.Debug|x64.Build.0 = Debug|x64
		{7A6B5119-1694-4606-BA1E-B8BF20299604}.Debug|x86.ActiveCfg = Debug|Win32
		{7A6B5119-1694-4606-BA1E-B8BF20299604}.Release|x64.ActiveCfg = Release|x64
		{7A6B5119-1694-4606-BA1E-B8BF20299604}.Release|x64.Build.0 = Release|x64
		{7A6B5119-1694-4606-BA1E-B8BF20299604}.Release|x86.ActiveCfg = Release|Win32
		{7A6B5119-1694-4606-BA1E-B8BF20299604}.Release|x86.Build.0 = Release|Win32
		{8BA99386-BA1C-4D01-B70D-56EC2AA482D1}.Debug|x64.ActiveCfg = Debug|x64
		{8BA99386-BA1C-4D01-B70D-56EC2AA482D1}.Debug|x64.Build.0 = Debug|x64
		{8BA99386-BA1C-4D01-B70D-56EC2AA482D1}.Debug|x86.ActiveCfg = Debug|Win32
		{8BA99386-BA1C-4D01-B70D-56EC2AA482D1}.Debug|x86.Build.0 = Debug|Win32
		{8BA99386-BA1C-4D01-B70D-56EC2AA482D1}.Release|x64.ActiveCfg = Release|x64
		{8BA99386-BA1C-4D01-B70D-56EC2AA482D1}.Release|x64.Build.0 = Release|x64
		{8BA99386-BA1C-4D01-B70D-56EC2AA482D1}.Release|x86.ActiveCfg = Release|Win32
		{8BA99386-BA1C-4D01-B70D-56EC2AA482D1}.Release|x86.Build.0 = Release|Win32
		{251E6382-26B6-4A90-8902-35B87042D9F2}.Debug|x64.ActiveCfg = Debug|x64
		{251E6382-26B6-4A90-8902-35B87042D9F2}.Debug|x64.Build.0 = Debug|x64
		{251E6382-26B6-4A90-8902-35B87042D9F2}.Debug|x86.ActiveCfg = Debug|Win32
		{251E6382-26B6-4A90-8902-35B87042D9F2}.Debug|x86.Build.0 = Debug|Win32
		{251E6382-26B6-4A90-8902-35B87042D9F2}.Release|x64.ActiveCfg = Release|x64
		{251E6382-26B6-4A90-8902-35B87042D9F2}.Release|x64.Build.0 = Release|x64
		{251E6382-26B6-4A90-8902-35B87042D9F2}.Release|x86.ActiveCfg = Release|Win32
		{251E6382-26B6-4A90-8902-35B87042D9F2}.Release|x86.Build.0 = Release|Win32
	EndGlobalSection
	GlobalSection(SolutionProperties) = preSolution
		HideSolutionNode = FALSE
	EndGlobalSection
	GlobalSection(ExtensibilityGlobals) = postSolution
		SolutionGuid = {D0C38A14-3B2F-4E03-A876-0BB8D6CFA91F}
	EndGlobalSection
EndGlobal
